
Microsoft Visual Studio Solution File, Format Version 12.00
# Visual Studio Version 16
VisualStudioVersion = 16.0.31515.178
MinimumVisualStudioVersion = 10.0.40219.1
Project("{9A19103F-16F7-4668-BE54-9A1E7A4F7556}") = "project", "project\project.csproj", "{180D0D7B-FC1F-4B55-B1EC-F36817F6314B}"
EndProject
Project("{9A19103F-16F7-4668-BE54-9A1E7A4F7556}") = "변수", "변수\변수.csproj", "{B5D7CD34-796A-46C2-855F-D399A1575173}"
EndProject
Project("{9A19103F-16F7-4668-BE54-9A1E7A4F7556}") = "if 문", "if 문\if 문.csproj", "{6C815602-0FC5-42D8-9959-4E079D1A23FE}"
EndProject
Project("{9A19103F-16F7-4668-BE54-9A1E7A4F7556}") = "if활용", "if활용\if활용.csproj", "{C0253960-B01E-4975-AB66-9D8BFFE0D129}"
EndProject
Project("{9A19103F-16F7-4668-BE54-9A1E7A4F7556}") = "캐릭터만들기", "캐릭터만들기\캐릭터만들기.csproj", "{98CFCCBC-F1A8-46A9-A7BC-EE12D14790FE}"
EndProject
Project("{9A19103F-16F7-4668-BE54-9A1E7A4F7556}") = "객체인스턴트화", "객체인스턴트화\객체인스턴트화.csproj", "{2942E4D0-2002-4910-BEC6-265221DCD9E9}"
EndProject
Project("{9A19103F-16F7-4668-BE54-9A1E7A4F7556}") = "인스턴스화예제", "인스턴스화예제\인스턴스화예제.csproj", "{37BD1C60-BD94-4847-A4D6-3690EEF66280}"
EndProject
Project("{9A19103F-16F7-4668-BE54-9A1E7A4F7556}") = "오크만들기", "오크만들기\오크만들기.csproj", "{2B5F6E90-23F7-4B76-A05A-D2CC29CA3C39}"
EndProject
Project("{9A19103F-16F7-4668-BE54-9A1E7A4F7556}") = "static예제", "static예제\static예제.csproj", "{C0BE9545-A5E3-4131-A8B0-7513D7398E19}"
EndProject
Project("{9A19103F-16F7-4668-BE54-9A1E7A4F7556}") = "연산기호", "연산기호\연산기호.csproj", "{38F0195B-6293-47C0-BDA8-511B6AB30E9F}"
EndProject
Project("{9A19103F-16F7-4668-BE54-9A1E7A4F7556}") = "배열", "배열\배열.csproj", "{5CA13E5A-2ABD-4955-B36C-7C05DC8FF019}"
EndProject
Project("{9A19103F-16F7-4668-BE54-9A1E7A4F7556}") = "while 반복문", "while 반복문\while 반복문.csproj", "{B1B3C6B7-8ED5-4FB7-A52B-1C6A6F124817}"
EndProject
Project("{9A19103F-16F7-4668-BE54-9A1E7A4F7556}") = "for 반복문", "for 반복문\for 반복문.csproj", "{799D5B2D-FE49-4DCB-8140-85AC424676E6}"
EndProject
Project("{9A19103F-16F7-4668-BE54-9A1E7A4F7556}") = "for반복문 예제", "for반복문 예제\for반복문 예제.csproj", "{7F846EDD-24AA-4005-86BA-E41F3FF33A0B}"
EndProject
Project("{9A19103F-16F7-4668-BE54-9A1E7A4F7556}") = "Collection", "Collection\Collection.csproj", "{D40DF8E8-F0D2-4E7E-B92B-204BB40C1BBA}"
EndProject
Project("{9A19103F-16F7-4668-BE54-9A1E7A4F7556}") = "Enum", "Eunm\Enum.csproj", "{8E0F6B06-0400-4BC5-BCB8-B2670F08C393}"
EndProject
Project("{9A19103F-16F7-4668-BE54-9A1E7A4F7556}") = "structure", "structure\structure.csproj", "{2EDA3498-B2C9-4BDB-828C-7913999F89E4}"
EndProject
Project("{9A19103F-16F7-4668-BE54-9A1E7A4F7556}") = "garbagecollector", "garbagecollector\garbagecollector.csproj", "{C2B831CF-EF63-4F18-ABCB-DA5EEA8AF438}"
EndProject
Project("{9A19103F-16F7-4668-BE54-9A1E7A4F7556}") = "classinheritence", "classinheritence\classinheritence.csproj", "{E27C1577-CEF8-43AC-809F-4F12B2BC96A4}"
EndProject
Project("{9A19103F-16F7-4668-BE54-9A1E7A4F7556}") = "SOLID원칙", "SOLID원칙\SOLID원칙.csproj", "{50F2272D-9040-4A6F-9F80-E29DE38D230A}"
EndProject
Project("{FAE04EC0-301F-11D3-BF4B-00C04F79EFBC}") = "delegate", "delegate\delegate.csproj", "{D98BD557-E51C-49A3-8150-17C7FEF5D969}"
EndProject
Project("{FAE04EC0-301F-11D3-BF4B-00C04F79EFBC}") = "horse racing", "horse racing\horse racing.csproj", "{EBE32572-8610-4E72-927A-0B3B6A06EF13}"
EndProject
Global
	GlobalSection(SolutionConfigurationPlatforms) = preSolution
		Debug|Any CPU = Debug|Any CPU
		Release|Any CPU = Release|Any CPU
	EndGlobalSection
	GlobalSection(ProjectConfigurationPlatforms) = postSolution
		{180D0D7B-FC1F-4B55-B1EC-F36817F6314B}.Debug|Any CPU.ActiveCfg = Debug|Any CPU
		{180D0D7B-FC1F-4B55-B1EC-F36817F6314B}.Debug|Any CPU.Build.0 = Debug|Any CPU
		{180D0D7B-FC1F-4B55-B1EC-F36817F6314B}.Release|Any CPU.ActiveCfg = Release|Any CPU
		{180D0D7B-FC1F-4B55-B1EC-F36817F6314B}.Release|Any CPU.Build.0 = Release|Any CPU
		{B5D7CD34-796A-46C2-855F-D399A1575173}.Debug|Any CPU.ActiveCfg = Debug|Any CPU
		{B5D7CD34-796A-46C2-855F-D399A1575173}.Debug|Any CPU.Build.0 = Debug|Any CPU
		{B5D7CD34-796A-46C2-855F-D399A1575173}.Release|Any CPU.ActiveCfg = Release|Any CPU
		{B5D7CD34-796A-46C2-855F-D399A1575173}.Release|Any CPU.Build.0 = Release|Any CPU
		{6C815602-0FC5-42D8-9959-4E079D1A23FE}.Debug|Any CPU.ActiveCfg = Debug|Any CPU
		{6C815602-0FC5-42D8-9959-4E079D1A23FE}.Debug|Any CPU.Build.0 = Debug|Any CPU
		{6C815602-0FC5-42D8-9959-4E079D1A23FE}.Release|Any CPU.ActiveCfg = Release|Any CPU
		{6C815602-0FC5-42D8-9959-4E079D1A23FE}.Release|Any CPU.Build.0 = Release|Any CPU
		{C0253960-B01E-4975-AB66-9D8BFFE0D129}.Debug|Any CPU.ActiveCfg = Debug|Any CPU
		{C0253960-B01E-4975-AB66-9D8BFFE0D129}.Debug|Any CPU.Build.0 = Debug|Any CPU
		{C0253960-B01E-4975-AB66-9D8BFFE0D129}.Release|Any CPU.ActiveCfg = Release|Any CPU
		{C0253960-B01E-4975-AB66-9D8BFFE0D129}.Release|Any CPU.Build.0 = Release|Any CPU
		{98CFCCBC-F1A8-46A9-A7BC-EE12D14790FE}.Debug|Any CPU.ActiveCfg = Debug|Any CPU
		{98CFCCBC-F1A8-46A9-A7BC-EE12D14790FE}.Debug|Any CPU.Build.0 = Debug|Any CPU
		{98CFCCBC-F1A8-46A9-A7BC-EE12D14790FE}.Release|Any CPU.ActiveCfg = Release|Any CPU
		{98CFCCBC-F1A8-46A9-A7BC-EE12D14790FE}.Release|Any CPU.Build.0 = Release|Any CPU
		{2942E4D0-2002-4910-BEC6-265221DCD9E9}.Debug|Any CPU.ActiveCfg = Debug|Any CPU
		{2942E4D0-2002-4910-BEC6-265221DCD9E9}.Debug|Any CPU.Build.0 = Debug|Any CPU
		{2942E4D0-2002-4910-BEC6-265221DCD9E9}.Release|Any CPU.ActiveCfg = Release|Any CPU
		{2942E4D0-2002-4910-BEC6-265221DCD9E9}.Release|Any CPU.Build.0 = Release|Any CPU
		{37BD1C60-BD94-4847-A4D6-3690EEF66280}.Debug|Any CPU.ActiveCfg = Debug|Any CPU
		{37BD1C60-BD94-4847-A4D6-3690EEF66280}.Debug|Any CPU.Build.0 = Debug|Any CPU
		{37BD1C60-BD94-4847-A4D6-3690EEF66280}.Release|Any CPU.ActiveCfg = Release|Any CPU
		{37BD1C60-BD94-4847-A4D6-3690EEF66280}.Release|Any CPU.Build.0 = Release|Any CPU
		{2B5F6E90-23F7-4B76-A05A-D2CC29CA3C39}.Debug|Any CPU.ActiveCfg = Debug|Any CPU
		{2B5F6E90-23F7-4B76-A05A-D2CC29CA3C39}.Debug|Any CPU.Build.0 = Debug|Any CPU
		{2B5F6E90-23F7-4B76-A05A-D2CC29CA3C39}.Release|Any CPU.ActiveCfg = Release|Any CPU
		{2B5F6E90-23F7-4B76-A05A-D2CC29CA3C39}.Release|Any CPU.Build.0 = Release|Any CPU
		{C0BE9545-A5E3-4131-A8B0-7513D7398E19}.Debug|Any CPU.ActiveCfg = Debug|Any CPU
		{C0BE9545-A5E3-4131-A8B0-7513D7398E19}.Debug|Any CPU.Build.0 = Debug|Any CPU
		{C0BE9545-A5E3-4131-A8B0-7513D7398E19}.Release|Any CPU.ActiveCfg = Release|Any CPU
		{C0BE9545-A5E3-4131-A8B0-7513D7398E19}.Release|Any CPU.Build.0 = Release|Any CPU
		{38F0195B-6293-47C0-BDA8-511B6AB30E9F}.Debug|Any CPU.ActiveCfg = Debug|Any CPU
		{38F0195B-6293-47C0-BDA8-511B6AB30E9F}.Debug|Any CPU.Build.0 = Debug|Any CPU
		{38F0195B-6293-47C0-BDA8-511B6AB30E9F}.Release|Any CPU.ActiveCfg = Release|Any CPU
		{38F0195B-6293-47C0-BDA8-511B6AB30E9F}.Release|Any CPU.Build.0 = Release|Any CPU
		{5CA13E5A-2ABD-4955-B36C-7C05DC8FF019}.Debug|Any CPU.ActiveCfg = Debug|Any CPU
		{5CA13E5A-2ABD-4955-B36C-7C05DC8FF019}.Debug|Any CPU.Build.0 = Debug|Any CPU
		{5CA13E5A-2ABD-4955-B36C-7C05DC8FF019}.Release|Any CPU.ActiveCfg = Release|Any CPU
		{5CA13E5A-2ABD-4955-B36C-7C05DC8FF019}.Release|Any CPU.Build.0 = Release|Any CPU
		{B1B3C6B7-8ED5-4FB7-A52B-1C6A6F124817}.Debug|Any CPU.ActiveCfg = Debug|Any CPU
		{B1B3C6B7-8ED5-4FB7-A52B-1C6A6F124817}.Debug|Any CPU.Build.0 = Debug|Any CPU
		{B1B3C6B7-8ED5-4FB7-A52B-1C6A6F124817}.Release|Any CPU.ActiveCfg = Release|Any CPU
		{B1B3C6B7-8ED5-4FB7-A52B-1C6A6F124817}.Release|Any CPU.Build.0 = Release|Any CPU
		{799D5B2D-FE49-4DCB-8140-85AC424676E6}.Debug|Any CPU.ActiveCfg = Debug|Any CPU
		{799D5B2D-FE49-4DCB-8140-85AC424676E6}.Debug|Any CPU.Build.0 = Debug|Any CPU
		{799D5B2D-FE49-4DCB-8140-85AC424676E6}.Release|Any CPU.ActiveCfg = Release|Any CPU
		{799D5B2D-FE49-4DCB-8140-85AC424676E6}.Release|Any CPU.Build.0 = Release|Any CPU
		{7F846EDD-24AA-4005-86BA-E41F3FF33A0B}.Debug|Any CPU.ActiveCfg = Debug|Any CPU
		{7F846EDD-24AA-4005-86BA-E41F3FF33A0B}.Debug|Any CPU.Build.0 = Debug|Any CPU
		{7F846EDD-24AA-4005-86BA-E41F3FF33A0B}.Release|Any CPU.ActiveCfg = Release|Any CPU
		{7F846EDD-24AA-4005-86BA-E41F3FF33A0B}.Release|Any CPU.Build.0 = Release|Any CPU
		{D40DF8E8-F0D2-4E7E-B92B-204BB40C1BBA}.Debug|Any CPU.ActiveCfg = Debug|Any CPU
		{D40DF8E8-F0D2-4E7E-B92B-204BB40C1BBA}.Debug|Any CPU.Build.0 = Debug|Any CPU
		{D40DF8E8-F0D2-4E7E-B92B-204BB40C1BBA}.Release|Any CPU.ActiveCfg = Release|Any CPU
		{D40DF8E8-F0D2-4E7E-B92B-204BB40C1BBA}.Release|Any CPU.Build.0 = Release|Any CPU
		{8E0F6B06-0400-4BC5-BCB8-B2670F08C393}.Debug|Any CPU.ActiveCfg = Debug|Any CPU
		{8E0F6B06-0400-4BC5-BCB8-B2670F08C393}.Debug|Any CPU.Build.0 = Debug|Any CPU
		{8E0F6B06-0400-4BC5-BCB8-B2670F08C393}.Release|Any CPU.ActiveCfg = Release|Any CPU
		{8E0F6B06-0400-4BC5-BCB8-B2670F08C393}.Release|Any CPU.Build.0 = Release|Any CPU
		{2EDA3498-B2C9-4BDB-828C-7913999F89E4}.Debug|Any CPU.ActiveCfg = Debug|Any CPU
		{2EDA3498-B2C9-4BDB-828C-7913999F89E4}.Debug|Any CPU.Build.0 = Debug|Any CPU
		{2EDA3498-B2C9-4BDB-828C-7913999F89E4}.Release|Any CPU.ActiveCfg = Release|Any CPU
		{2EDA3498-B2C9-4BDB-828C-7913999F89E4}.Release|Any CPU.Build.0 = Release|Any CPU
		{C2B831CF-EF63-4F18-ABCB-DA5EEA8AF438}.Debug|Any CPU.ActiveCfg = Debug|Any CPU
		{C2B831CF-EF63-4F18-ABCB-DA5EEA8AF438}.Debug|Any CPU.Build.0 = Debug|Any CPU
		{C2B831CF-EF63-4F18-ABCB-DA5EEA8AF438}.Release|Any CPU.ActiveCfg = Release|Any CPU
		{C2B831CF-EF63-4F18-ABCB-DA5EEA8AF438}.Release|Any CPU.Build.0 = Release|Any CPU
		{E27C1577-CEF8-43AC-809F-4F12B2BC96A4}.Debug|Any CPU.ActiveCfg = Debug|Any CPU
		{E27C1577-CEF8-43AC-809F-4F12B2BC96A4}.Debug|Any CPU.Build.0 = Debug|Any CPU
		{E27C1577-CEF8-43AC-809F-4F12B2BC96A4}.Release|Any CPU.ActiveCfg = Release|Any CPU
		{E27C1577-CEF8-43AC-809F-4F12B2BC96A4}.Release|Any CPU.Build.0 = Release|Any CPU
		{50F2272D-9040-4A6F-9F80-E29DE38D230A}.Debug|Any CPU.ActiveCfg = Debug|Any CPU
		{50F2272D-9040-4A6F-9F80-E29DE38D230A}.Debug|Any CPU.Build.0 = Debug|Any CPU
		{50F2272D-9040-4A6F-9F80-E29DE38D230A}.Release|Any CPU.ActiveCfg = Release|Any CPU
		{50F2272D-9040-4A6F-9F80-E29DE38D230A}.Release|Any CPU.Build.0 = Release|Any CPU
		{D98BD557-E51C-49A3-8150-17C7FEF5D969}.Debug|Any CPU.ActiveCfg = Debug|Any CPU
		{D98BD557-E51C-49A3-8150-17C7FEF5D969}.Debug|Any CPU.Build.0 = Debug|Any CPU
		{D98BD557-E51C-49A3-8150-17C7FEF5D969}.Release|Any CPU.ActiveCfg = Release|Any CPU
		{D98BD557-E51C-49A3-8150-17C7FEF5D969}.Release|Any CPU.Build.0 = Release|Any CPU
		{EBE32572-8610-4E72-927A-0B3B6A06EF13}.Debug|Any CPU.ActiveCfg = Debug|Any CPU
		{EBE32572-8610-4E72-927A-0B3B6A06EF13}.Debug|Any CPU.Build.0 = Debug|Any CPU
		{EBE32572-8610-4E72-927A-0B3B6A06EF13}.Release|Any CPU.ActiveCfg = Release|Any CPU
		{EBE32572-8610-4E72-927A-0B3B6A06EF13}.Release|Any CPU.Build.0 = Release|Any CPU
	EndGlobalSection
	GlobalSection(SolutionProperties) = preSolution
		HideSolutionNode = FALSE
	EndGlobalSection
	GlobalSection(ExtensibilityGlobals) = postSolution
		SolutionGuid = {79119724-F0A7-4FEC-9035-3A9286C40C0F}
	EndGlobalSection
EndGlobal
